
Microsoft Visual Studio Solution File, Format Version 12.00
# Visual Studio Version 17
VisualStudioVersion = 17.14.36310.24
MinimumVisualStudioVersion = 10.0.40219.1
Project("{FAE04EC0-301F-11D3-BF4B-00C04F79EFBC}") = "SelectUnknown", "SelectUnknown.csproj", "{67EC90C6-77D2-454B-ADB6-E93E4A3341EA}"
EndProject
Project("{FAE04EC0-301F-11D3-BF4B-00C04F79EFBC}") = "TestSelectUnknown", "..\TestSelectUnknown\TestSelectUnknown.csproj", "{2E6BAC00-9C0F-419F-953D-2D1DABF770F3}"
EndProject
Project("{54435603-DBB4-11D2-8724-00A0C9A8B90C}") = "SelectUnknownSetup", "SelectUnknownSetup\SelectUnknownSetup.vdproj", "{42E31DFF-16AF-C12A-0948-12C5FF26216E}"
EndProject
Project("{C7167F0D-BC9F-4E6E-AFE1-012C56B48DB5}") = "SelectUnknownMSIX", "..\SelectUnknownMSIX\SelectUnknownMSIX.wapproj", "{CE44260F-5329-4CED-97DD-7DBAFCEF3A21}"
EndProject
Global
	GlobalSection(SolutionConfigurationPlatforms) = preSolution
		Debug|Any CPU = Debug|Any CPU
		Debug|ARM = Debug|ARM
		Debug|ARM64 = Debug|ARM64
		Debug|x64 = Debug|x64
		Debug|x86 = Debug|x86
		Release|Any CPU = Release|Any CPU
		Release|ARM = Release|ARM
		Release|ARM64 = Release|ARM64
		Release|x64 = Release|x64
		Release|x86 = Release|x86
	EndGlobalSection
	GlobalSection(ProjectConfigurationPlatforms) = postSolution
		{67EC90C6-77D2-454B-ADB6-E93E4A3341EA}.Debug|Any CPU.ActiveCfg = Debug|Any CPU
		{67EC90C6-77D2-454B-ADB6-E93E4A3341EA}.Debug|Any CPU.Build.0 = Debug|Any CPU
		{67EC90C6-77D2-454B-ADB6-E93E4A3341EA}.Debug|ARM.ActiveCfg = Debug|Any CPU
		{67EC90C6-77D2-454B-ADB6-E93E4A3341EA}.Debug|ARM.Build.0 = Debug|Any CPU
		{67EC90C6-77D2-454B-ADB6-E93E4A3341EA}.Debug|ARM64.ActiveCfg = Debug|Any CPU
		{67EC90C6-77D2-454B-ADB6-E93E4A3341EA}.Debug|ARM64.Build.0 = Debug|Any CPU
		{67EC90C6-77D2-454B-ADB6-E93E4A3341EA}.Debug|x64.ActiveCfg = Debug|Any CPU
		{67EC90C6-77D2-454B-ADB6-E93E4A3341EA}.Debug|x64.Build.0 = Debug|Any CPU
		{67EC90C6-77D2-454B-ADB6-E93E4A3341EA}.Debug|x86.ActiveCfg = Debug|Any CPU
		{67EC90C6-77D2-454B-ADB6-E93E4A3341EA}.Debug|x86.Build.0 = Debug|Any CPU
		{67EC90C6-77D2-454B-ADB6-E93E4A3341EA}.Release|Any CPU.ActiveCfg = Release|Any CPU
		{67EC90C6-77D2-454B-ADB6-E93E4A3341EA}.Release|Any CPU.Build.0 = Release|Any CPU
		{67EC90C6-77D2-454B-ADB6-E93E4A3341EA}.Release|ARM.ActiveCfg = Release|Any CPU
		{67EC90C6-77D2-454B-ADB6-E93E4A3341EA}.Release|ARM.Build.0 = Release|Any CPU
		{67EC90C6-77D2-454B-ADB6-E93E4A3341EA}.Release|ARM64.ActiveCfg = Release|Any CPU
		{67EC90C6-77D2-454B-ADB6-E93E4A3341EA}.Release|ARM64.Build.0 = Release|Any CPU
		{67EC90C6-77D2-454B-ADB6-E93E4A3341EA}.Release|x64.ActiveCfg = Release|Any CPU
		{67EC90C6-77D2-454B-ADB6-E93E4A3341EA}.Release|x64.Build.0 = Release|Any CPU
		{67EC90C6-77D2-454B-ADB6-E93E4A3341EA}.Release|x86.ActiveCfg = Release|Any CPU
		{67EC90C6-77D2-454B-ADB6-E93E4A3341EA}.Release|x86.Build.0 = Release|Any CPU
		{2E6BAC00-9C0F-419F-953D-2D1DABF770F3}.Debug|Any CPU.ActiveCfg = Debug|Any CPU
		{2E6BAC00-9C0F-419F-953D-2D1DABF770F3}.Debug|Any CPU.Build.0 = Debug|Any CPU
		{2E6BAC00-9C0F-419F-953D-2D1DABF770F3}.Debug|ARM.ActiveCfg = Debug|Any CPU
		{2E6BAC00-9C0F-419F-953D-2D1DABF770F3}.Debug|ARM.Build.0 = Debug|Any CPU
		{2E6BAC00-9C0F-419F-953D-2D1DABF770F3}.Debug|ARM64.ActiveCfg = Debug|Any CPU
		{2E6BAC00-9C0F-419F-953D-2D1DABF770F3}.Debug|ARM64.Build.0 = Debug|Any CPU
		{2E6BAC00-9C0F-419F-953D-2D1DABF770F3}.Debug|x64.ActiveCfg = Debug|Any CPU
		{2E6BAC00-9C0F-419F-953D-2D1DABF770F3}.Debug|x64.Build.0 = Debug|Any CPU
		{2E6BAC00-9C0F-419F-953D-2D1DABF770F3}.Debug|x86.ActiveCfg = Debug|Any CPU
		{2E6BAC00-9C0F-419F-953D-2D1DABF770F3}.Debug|x86.Build.0 = Debug|Any CPU
		{2E6BAC00-9C0F-419F-953D-2D1DABF770F3}.Release|Any CPU.ActiveCfg = Release|Any CPU
		{2E6BAC00-9C0F-419F-953D-2D1DABF770F3}.Release|ARM.ActiveCfg = Release|Any CPU
		{2E6BAC00-9C0F-419F-953D-2D1DABF770F3}.Release|ARM.Build.0 = Release|Any CPU
		{2E6BAC00-9C0F-419F-953D-2D1DABF770F3}.Release|ARM64.ActiveCfg = Release|Any CPU
		{2E6BAC00-9C0F-419F-953D-2D1DABF770F3}.Release|ARM64.Build.0 = Release|Any CPU
		{2E6BAC00-9C0F-419F-953D-2D1DABF770F3}.Release|x64.ActiveCfg = Release|Any CPU
		{2E6BAC00-9C0F-419F-953D-2D1DABF770F3}.Release|x64.Build.0 = Release|Any CPU
		{2E6BAC00-9C0F-419F-953D-2D1DABF770F3}.Release|x86.ActiveCfg = Release|Any CPU
		{2E6BAC00-9C0F-419F-953D-2D1DABF770F3}.Release|x86.Build.0 = Release|Any CPU
		{42E31DFF-16AF-C12A-0948-12C5FF26216E}.Debug|Any CPU.ActiveCfg = Debug
		{42E31DFF-16AF-C12A-0948-12C5FF26216E}.Debug|ARM.ActiveCfg = Debug
		{42E31DFF-16AF-C12A-0948-12C5FF26216E}.Debug|ARM.Build.0 = Debug
		{42E31DFF-16AF-C12A-0948-12C5FF26216E}.Debug|ARM64.ActiveCfg = Debug
		{42E31DFF-16AF-C12A-0948-12C5FF26216E}.Debug|ARM64.Build.0 = Debug
		{42E31DFF-16AF-C12A-0948-12C5FF26216E}.Debug|x64.ActiveCfg = Debug
		{42E31DFF-16AF-C12A-0948-12C5FF26216E}.Debug|x64.Build.0 = Debug
		{42E31DFF-16AF-C12A-0948-12C5FF26216E}.Debug|x86.ActiveCfg = Debug
		{42E31DFF-16AF-C12A-0948-12C5FF26216E}.Debug|x86.Build.0 = Debug
		{42E31DFF-16AF-C12A-0948-12C5FF26216E}.Release|Any CPU.ActiveCfg = Release
		{42E31DFF-16AF-C12A-0948-12C5FF26216E}.Release|ARM.ActiveCfg = Release
		{42E31DFF-16AF-C12A-0948-12C5FF26216E}.Release|ARM.Build.0 = Release
		{42E31DFF-16AF-C12A-0948-12C5FF26216E}.Release|ARM64.ActiveCfg = Release
		{42E31DFF-16AF-C12A-0948-12C5FF26216E}.Release|ARM64.Build.0 = Release
		{42E31DFF-16AF-C12A-0948-12C5FF26216E}.Release|x64.ActiveCfg = Release
		{42E31DFF-16AF-C12A-0948-12C5FF26216E}.Release|x64.Build.0 = Release
		{42E31DFF-16AF-C12A-0948-12C5FF26216E}.Release|x86.ActiveCfg = Release
		{42E31DFF-16AF-C12A-0948-12C5FF26216E}.Release|x86.Build.0 = Release
		{CE44260F-5329-4CED-97DD-7DBAFCEF3A21}.Debug|Any CPU.ActiveCfg = Debug|Any CPU
		{CE44260F-5329-4CED-97DD-7DBAFCEF3A21}.Debug|Any CPU.Build.0 = Debug|Any CPU
		{CE44260F-5329-4CED-97DD-7DBAFCEF3A21}.Debug|Any CPU.Deploy.0 = Debug|Any CPU
		{CE44260F-5329-4CED-97DD-7DBAFCEF3A21}.Debug|ARM.ActiveCfg = Debug|ARM
		{CE44260F-5329-4CED-97DD-7DBAFCEF3A21}.Debug|ARM.Build.0 = Debug|ARM
		{CE44260F-5329-4CED-97DD-7DBAFCEF3A21}.Debug|ARM.Deploy.0 = Debug|ARM
		{CE44260F-5329-4CED-97DD-7DBAFCEF3A21}.Debug|ARM64.ActiveCfg = Debug|ARM64
		{CE44260F-5329-4CED-97DD-7DBAFCEF3A21}.Debug|ARM64.Build.0 = Debug|ARM64
		{CE44260F-5329-4CED-97DD-7DBAFCEF3A21}.Debug|ARM64.Deploy.0 = Debug|ARM64
		{CE44260F-5329-4CED-97DD-7DBAFCEF3A21}.Debug|x64.ActiveCfg = Debug|x64
		{CE44260F-5329-4CED-97DD-7DBAFCEF3A21}.Debug|x64.Build.0 = Debug|x64
		{CE44260F-5329-4CED-97DD-7DBAFCEF3A21}.Debug|x64.Deploy.0 = Debug|x64
		{CE44260F-5329-4CED-97DD-7DBAFCEF3A21}.Debug|x86.ActiveCfg = Debug|x86
		{CE44260F-5329-4CED-97DD-7DBAFCEF3A21}.Debug|x86.Build.0 = Debug|x86
		{CE44260F-5329-4CED-97DD-7DBAFCEF3A21}.Debug|x86.Deploy.0 = Debug|x86
		{CE44260F-5329-4CED-97DD-7DBAFCEF3A21}.Release|Any CPU.ActiveCfg = Release|x64
		{CE44260F-5329-4CED-97DD-7DBAFCEF3A21}.Release|Any CPU.Build.0 = Release|x64
		{CE44260F-5329-4CED-97DD-7DBAFCEF3A21}.Release|Any CPU.Deploy.0 = Release|x64
		{CE44260F-5329-4CED-97DD-7DBAFCEF3A21}.Release|ARM.ActiveCfg = Release|ARM
		{CE44260F-5329-4CED-97DD-7DBAFCEF3A21}.Release|ARM.Build.0 = Release|ARM
		{CE44260F-5329-4CED-97DD-7DBAFCEF3A21}.Release|ARM.Deploy.0 = Release|ARM
		{CE44260F-5329-4CED-97DD-7DBAFCEF3A21}.Release|ARM64.ActiveCfg = Release|ARM64
		{CE44260F-5329-4CED-97DD-7DBAFCEF3A21}.Release|ARM64.Build.0 = Release|ARM64
		{CE44260F-5329-4CED-97DD-7DBAFCEF3A21}.Release|ARM64.Deploy.0 = Release|ARM64
		{CE44260F-5329-4CED-97DD-7DBAFCEF3A21}.Release|x64.ActiveCfg = Release|x64
		{CE44260F-5329-4CED-97DD-7DBAFCEF3A21}.Release|x64.Build.0 = Release|x64
		{CE44260F-5329-4CED-97DD-7DBAFCEF3A21}.Release|x64.Deploy.0 = Release|x64
		{CE44260F-5329-4CED-97DD-7DBAFCEF3A21}.Release|x86.ActiveCfg = Release|x86
		{CE44260F-5329-4CED-97DD-7DBAFCEF3A21}.Release|x86.Build.0 = Release|x86
		{CE44260F-5329-4CED-97DD-7DBAFCEF3A21}.Release|x86.Deploy.0 = Release|x86
	EndGlobalSection
	GlobalSection(SolutionProperties) = preSolution
		HideSolutionNode = FALSE
	EndGlobalSection
	GlobalSection(ExtensibilityGlobals) = postSolution
		SolutionGuid = {90E655F2-D623-4247-AC39-271EE3122A3A}
	EndGlobalSection
EndGlobal
